<?xml version="1.0" encoding="utf-8"?>
<Project ToolsVersion="4.0" xmlns="http://schemas.microsoft.com/developer/msbuild/2003">
  <ItemGroup>
    <Filter Include="Source Files">
      <UniqueIdentifier>{4FC737F1-C7A5-4376-A066-2A32D752A2FF}</UniqueIdentifier>
      <Extensions>cpp;c;cc;cxx;c++;cppm;ixx;def;odl;idl;hpj;bat;asm;asmx</Extensions>
    </Filter>
    <Filter Include="Header Files">
      <UniqueIdentifier>{93995380-89BD-4b04-88EB-625FBE52EBFB}</UniqueIdentifier>
      <Extensions>h;hh;hpp;hxx;h++;hm;inl;inc;ipp;xsd</Extensions>
    </Filter>
    <Filter Include="Resource Files">
      <UniqueIdentifier>{67DA6AB6-F800-4c08-8B7A-83BB121AAD01}</UniqueIdentifier>
      <Extensions>rc;ico;cur;bmp;dlg;rc2;rct;bin;rgs;gif;jpg;jpeg;jpe;resx;tiff;tif;png;wav;mfcribbon-ms</Extensions>
    </Filter>
    <Filter Include="Source Files\Engine">
      <UniqueIdentifier>{9e92cd85-f34f-4c28-b414-ed1544e8c6a9}</UniqueIdentifier>
    </Filter>
    <Filter Include="Source Files\Engine\Render">
      <UniqueIdentifier>{2ff5eae2-32dd-4cb1-8cf1-c480aea6e623}</UniqueIdentifier>
    </Filter>
    <Filter Include="Source Files\Engine\Render\Shader">
      <UniqueIdentifier>{1864d8aa-a6cf-4063-9e60-91e8f0b70156}</UniqueIdentifier>
    </Filter>
    <Filter Include="Source Files\Engine\glad">
      <UniqueIdentifier>{9e0f71b6-df46-49c7-a22b-eab91b71343a}</UniqueIdentifier>
    </Filter>
    <Filter Include="Source Files\Engine\Resources">
      <UniqueIdentifier>{dce426f0-d212-47b5-aaee-28348d12a66e}</UniqueIdentifier>
    </Filter>
    <Filter Include="Source Files\Engine\Resources\ResourcesManager">
      <UniqueIdentifier>{ce551512-7c6e-478d-8232-23de21caab70}</UniqueIdentifier>
    </Filter>
    <Filter Include="Source Files\Engine\Render\Texture">
      <UniqueIdentifier>{63c5c06d-a532-4739-bc50-e8870cf0b7b7}</UniqueIdentifier>
    </Filter>
    <Filter Include="Source Files\Engine\Render\vboClass">
      <UniqueIdentifier>{5b7d7101-6d2c-4ab6-b8e4-ad7086fe48f9}</UniqueIdentifier>
    </Filter>
    <Filter Include="Source Files\Engine\Render\vaoClass">
      <UniqueIdentifier>{0b70a3b2-a7ca-4e84-9f63-8064771ae56f}</UniqueIdentifier>
    </Filter>
    <Filter Include="Source Files\Engine\Render\sprite">
      <UniqueIdentifier>{e4bb676d-f63f-4326-b5cd-42fdbaaf1714}</UniqueIdentifier>
    </Filter>
    <Filter Include="Source Files\Engine\Render\ebo">
      <UniqueIdentifier>{b3b0e030-56c4-480d-81be-dad32b546ba7}</UniqueIdentifier>
    </Filter>
  </ItemGroup>
  <ItemGroup>
    <ClCompile Include="src\main.cpp">
      <Filter>Source Files</Filter>
    </ClCompile>
    <ClCompile Include="Libs\GLAD\src\glad.c">
      <Filter>Source Files\Engine\glad</Filter>
    </ClCompile>
    <ClCompile Include="src\engine\Engine.cpp">
      <Filter>Source Files\Engine</Filter>
    </ClCompile>
    <ClCompile Include="src\Engine\Render\Shader\Shader.cpp">
      <Filter>Source Files\Engine\Render\Shader</Filter>
    </ClCompile>
    <ClCompile Include="src\Engine\Resources\ResourcesManager.cpp">
      <Filter>Source Files\Engine\Resources\ResourcesManager</Filter>
    </ClCompile>
    <ClCompile Include="src\Engine\Render\Texture\Texture.cpp">
      <Filter>Source Files\Engine\Render\Texture</Filter>
    </ClCompile>
    <ClCompile Include="src\Engine\Render\sprite\sprite.cpp">
      <Filter>Source Files\Engine\Render\sprite</Filter>
    </ClCompile>
    <ClCompile Include="src\Engine\Render\vao\vao.cpp">
      <Filter>Source Files\Engine\Render\vaoClass</Filter>
    </ClCompile>
    <ClCompile Include="src\Engine\Render\vbo\vbo.cpp">
      <Filter>Source Files\Engine\Render\vboClass</Filter>
    </ClCompile>
    <ClCompile Include="src\Engine\Render\ebo\ebo.cpp">
      <Filter>Source Files\Engine\Render\ebo</Filter>
    </ClCompile>
  </ItemGroup>
  <ItemGroup>
    <ClInclude Include="src\engine\Engine.h">
      <Filter>Source Files\Engine</Filter>
    </ClInclude>
    <ClInclude Include="src\Engine\Render\Shader\Shader.h">
      <Filter>Source Files\Engine\Render\Shader</Filter>
    </ClInclude>
    <ClInclude Include="src\Engine\Resources\ResourcesManager.h">
      <Filter>Source Files\Engine\Resources\ResourcesManager</Filter>
    </ClInclude>
    <ClInclude Include="src\Engine\Resources\stb_image.h">
      <Filter>Source Files\Engine\Resources\ResourcesManager</Filter>
    </ClInclude>
    <ClInclude Include="src\Engine\Render\Texture\Texture.h">
      <Filter>Source Files\Engine\Render\Texture</Filter>
    </ClInclude>
    <ClInclude Include="src\Engine\Render\vao\vao.h">
      <Filter>Source Files\Engine\Render\vaoClass</Filter>
    </ClInclude>
    <ClInclude Include="src\Engine\Render\vbo\vbo.h">
      <Filter>Source Files\Engine\Render\vboClass</Filter>
    </ClInclude>
    <ClInclude Include="src\Engine\Render\sprite\sprite.h">
      <Filter>Source Files\Engine\Render\sprite</Filter>
    </ClInclude>
    <ClInclude Include="src\Engine\shapes\shapes.h">
      <Filter>Source Files\Engine\Render</Filter>
    </ClInclude>
    <ClInclude Include="src\Engine\Render\ebo\ebo.h">
      <Filter>Source Files\Engine\Render\ebo</Filter>
    </ClInclude>
  </ItemGroup>
  <ItemGroup>
    <Text Include="data\Shader\fragment.txt">
      <Filter>Resource Files</Filter>
    </Text>
    <Text Include="data\Shader\vertex.txt">
      <Filter>Resource Files</Filter>
    </Text>
  </ItemGroup>
</Project>